
Microsoft Visual Studio Solution File, Format Version 12.00
# Visual Studio Version 17
VisualStudioVersion = 17.11.35312.102
MinimumVisualStudioVersion = 10.0.40219.1
Project("{FAE04EC0-301F-11D3-BF4B-00C04F79EFBC}") = "Workday", "Workday\Workday.csproj", "{38465830-9F8C-4D34-BEF4-CA7A9E2A0016}"
EndProject
Global
	GlobalSection(SolutionConfigurationPlatforms) = preSolution
		Debug|Any CPU = Debug|Any CPU
		Release|Any CPU = Release|Any CPU
	EndGlobalSection
	GlobalSection(ProjectConfigurationPlatforms) = postSolution
		{38465830-9F8C-4D34-BEF4-CA7A9E2A0016}.Debug|Any CPU.ActiveCfg = Debug|Any CPU
		{38465830-9F8C-4D34-BEF4-CA7A9E2A0016}.Debug|Any CPU.Build.0 = Debug|Any CPU
		{38465830-9F8C-4D34-BEF4-CA7A9E2A0016}.Release|Any CPU.ActiveCfg = Release|Any CPU
		{38465830-9F8C-4D34-BEF4-CA7A9E2A0016}.Release|Any CPU.Build.0 = Release|Any CPU
	EndGlobalSection
	GlobalSection(SolutionProperties) = preSolution
		HideSolutionNode = FALSE
	EndGlobalSection
	GlobalSection(ExtensibilityGlobals) = postSolution
		SolutionGuid = {364C2FBE-48F4-4E38-A831-5B27BE6433A9}
	EndGlobalSection
EndGlobal
